
Microsoft Visual Studio Solution File, Format Version 12.00
# Visual Studio Version 17
VisualStudioVersion = 17.0.31903.59
MinimumVisualStudioVersion = 10.0.40219.1
Project("{2150E333-8FDC-42A3-9474-1A3956D46DE8}") = "Api", "Api", "{D82C56D6-B2CD-F611-9E31-04638F7EC30E}"
EndProject
Project("{FAE04EC0-301F-11D3-BF4B-00C04F79EFBC}") = "URLShortner.Api", "Api\src\URLShortner.Api\URLShortner.Api.csproj", "{1EA2875B-8C7E-40E4-88E4-E0C91D6AC05F}"
EndProject
Project("{2150E333-8FDC-42A3-9474-1A3956D46DE8}") = "src", "src", "{5E17522D-DDF8-4DC3-9368-74E65A642ED3}"
EndProject
Project("{2150E333-8FDC-42A3-9474-1A3956D46DE8}") = "tests", "tests", "{F3FFE203-D347-4299-9629-0C8D3529AC06}"
EndProject
Project("{FAE04EC0-301F-11D3-BF4B-00C04F79EFBC}") = "URLShortner.Api.Core.Tests", "Api\tests\URLShortner.Api.Core.Tests\URLShortner.Api.Core.Tests.csproj", "{2FCDFA39-86FA-4EC1-B3AF-CD7329A992C3}"
EndProject
Project("{FAE04EC0-301F-11D3-BF4B-00C04F79EFBC}") = "URLShortner.Core", "Api\src\URLShortner.Core\URLShortner.Core.csproj", "{4086B563-C211-4D0B-A04B-A70A84EEF1F4}"
EndProject
Global
	GlobalSection(SolutionConfigurationPlatforms) = preSolution
		Debug|Any CPU = Debug|Any CPU
		Debug|x64 = Debug|x64
		Debug|x86 = Debug|x86
		Release|Any CPU = Release|Any CPU
		Release|x64 = Release|x64
		Release|x86 = Release|x86
	EndGlobalSection
	GlobalSection(ProjectConfigurationPlatforms) = postSolution
		{1EA2875B-8C7E-40E4-88E4-E0C91D6AC05F}.Debug|Any CPU.ActiveCfg = Debug|Any CPU
		{1EA2875B-8C7E-40E4-88E4-E0C91D6AC05F}.Debug|Any CPU.Build.0 = Debug|Any CPU
		{1EA2875B-8C7E-40E4-88E4-E0C91D6AC05F}.Debug|x64.ActiveCfg = Debug|Any CPU
		{1EA2875B-8C7E-40E4-88E4-E0C91D6AC05F}.Debug|x64.Build.0 = Debug|Any CPU
		{1EA2875B-8C7E-40E4-88E4-E0C91D6AC05F}.Debug|x86.ActiveCfg = Debug|Any CPU
		{1EA2875B-8C7E-40E4-88E4-E0C91D6AC05F}.Debug|x86.Build.0 = Debug|Any CPU
		{1EA2875B-8C7E-40E4-88E4-E0C91D6AC05F}.Release|Any CPU.ActiveCfg = Release|Any CPU
		{1EA2875B-8C7E-40E4-88E4-E0C91D6AC05F}.Release|Any CPU.Build.0 = Release|Any CPU
		{1EA2875B-8C7E-40E4-88E4-E0C91D6AC05F}.Release|x64.ActiveCfg = Release|Any CPU
		{1EA2875B-8C7E-40E4-88E4-E0C91D6AC05F}.Release|x64.Build.0 = Release|Any CPU
		{1EA2875B-8C7E-40E4-88E4-E0C91D6AC05F}.Release|x86.ActiveCfg = Release|Any CPU
		{1EA2875B-8C7E-40E4-88E4-E0C91D6AC05F}.Release|x86.Build.0 = Release|Any CPU
		{2FCDFA39-86FA-4EC1-B3AF-CD7329A992C3}.Debug|Any CPU.ActiveCfg = Debug|Any CPU
		{2FCDFA39-86FA-4EC1-B3AF-CD7329A992C3}.Debug|Any CPU.Build.0 = Debug|Any CPU
		{2FCDFA39-86FA-4EC1-B3AF-CD7329A992C3}.Debug|x64.ActiveCfg = Debug|Any CPU
		{2FCDFA39-86FA-4EC1-B3AF-CD7329A992C3}.Debug|x64.Build.0 = Debug|Any CPU
		{2FCDFA39-86FA-4EC1-B3AF-CD7329A992C3}.Debug|x86.ActiveCfg = Debug|Any CPU
		{2FCDFA39-86FA-4EC1-B3AF-CD7329A992C3}.Debug|x86.Build.0 = Debug|Any CPU
		{2FCDFA39-86FA-4EC1-B3AF-CD7329A992C3}.Release|Any CPU.ActiveCfg = Release|Any CPU
		{2FCDFA39-86FA-4EC1-B3AF-CD7329A992C3}.Release|Any CPU.Build.0 = Release|Any CPU
		{2FCDFA39-86FA-4EC1-B3AF-CD7329A992C3}.Release|x64.ActiveCfg = Release|Any CPU
		{2FCDFA39-86FA-4EC1-B3AF-CD7329A992C3}.Release|x64.Build.0 = Release|Any CPU
		{2FCDFA39-86FA-4EC1-B3AF-CD7329A992C3}.Release|x86.ActiveCfg = Release|Any CPU
		{2FCDFA39-86FA-4EC1-B3AF-CD7329A992C3}.Release|x86.Build.0 = Release|Any CPU
		{4086B563-C211-4D0B-A04B-A70A84EEF1F4}.Debug|Any CPU.ActiveCfg = Debug|Any CPU
		{4086B563-C211-4D0B-A04B-A70A84EEF1F4}.Debug|Any CPU.Build.0 = Debug|Any CPU
		{4086B563-C211-4D0B-A04B-A70A84EEF1F4}.Debug|x64.ActiveCfg = Debug|Any CPU
		{4086B563-C211-4D0B-A04B-A70A84EEF1F4}.Debug|x64.Build.0 = Debug|Any CPU
		{4086B563-C211-4D0B-A04B-A70A84EEF1F4}.Debug|x86.ActiveCfg = Debug|Any CPU
		{4086B563-C211-4D0B-A04B-A70A84EEF1F4}.Debug|x86.Build.0 = Debug|Any CPU
		{4086B563-C211-4D0B-A04B-A70A84EEF1F4}.Release|Any CPU.ActiveCfg = Release|Any CPU
		{4086B563-C211-4D0B-A04B-A70A84EEF1F4}.Release|Any CPU.Build.0 = Release|Any CPU
		{4086B563-C211-4D0B-A04B-A70A84EEF1F4}.Release|x64.ActiveCfg = Release|Any CPU
		{4086B563-C211-4D0B-A04B-A70A84EEF1F4}.Release|x64.Build.0 = Release|Any CPU
		{4086B563-C211-4D0B-A04B-A70A84EEF1F4}.Release|x86.ActiveCfg = Release|Any CPU
		{4086B563-C211-4D0B-A04B-A70A84EEF1F4}.Release|x86.Build.0 = Release|Any CPU
	EndGlobalSection
	GlobalSection(SolutionProperties) = preSolution
		HideSolutionNode = FALSE
	EndGlobalSection
	GlobalSection(NestedProjects) = preSolution
		{5E17522D-DDF8-4DC3-9368-74E65A642ED3} = {D82C56D6-B2CD-F611-9E31-04638F7EC30E}
		{1EA2875B-8C7E-40E4-88E4-E0C91D6AC05F} = {5E17522D-DDF8-4DC3-9368-74E65A642ED3}
		{F3FFE203-D347-4299-9629-0C8D3529AC06} = {D82C56D6-B2CD-F611-9E31-04638F7EC30E}
		{2FCDFA39-86FA-4EC1-B3AF-CD7329A992C3} = {F3FFE203-D347-4299-9629-0C8D3529AC06}
		{4086B563-C211-4D0B-A04B-A70A84EEF1F4} = {5E17522D-DDF8-4DC3-9368-74E65A642ED3}
	EndGlobalSection
EndGlobal
